<?xml version="1.0" encoding="utf-8"?>
<Project ToolsVersion="4.0" xmlns="http://schemas.microsoft.com/developer/msbuild/2003">
  <ItemGroup>
    <Filter Include="Source Files">
      <UniqueIdentifier>{4FC737F1-C7A5-4376-A066-2A32D752A2FF}</UniqueIdentifier>
      <Extensions>cpp;c;cc;cxx;c++;cppm;ixx;def;odl;idl;hpj;bat;asm;asmx</Extensions>
    </Filter>
    <Filter Include="Header Files">
      <UniqueIdentifier>{93995380-89BD-4b04-88EB-625FBE52EBFB}</UniqueIdentifier>
      <Extensions>h;hh;hpp;hxx;h++;hm;inl;inc;ipp;xsd</Extensions>
    </Filter>
    <Filter Include="Resource Files">
      <UniqueIdentifier>{67DA6AB6-F800-4c08-8B7A-83BB121AAD01}</UniqueIdentifier>
      <Extensions>rc;ico;cur;bmp;dlg;rc2;rct;bin;rgs;gif;jpg;jpeg;jpe;resx;tiff;tif;png;wav;mfcribbon-ms</Extensions>
    </Filter>
  </ItemGroup>
  <ItemGroup>
    <ClCompile Include="Source\Game.cpp">
      <Filter>Source Files</Filter>
    </ClCompile>
    <ClCompile Include="Source\Components\Scene.cpp">
      <Filter>Source Files</Filter>
    </ClCompile>
    <ClCompile Include="Source\Components\GameObject.cpp">
      <Filter>Source Files</Filter>
    </ClCompile>
    <ClCompile Include="Source\Components\SpriteObject.cpp">
      <Filter>Source Files</Filter>
    </ClCompile>
    <ClCompile Include="Source\Components\SceneHandler.cpp">
      <Filter>Source Files</Filter>
    </ClCompile>
    <ClCompile Include="Source\Scenes\StartScreen.cpp">
      <Filter>Source Files</Filter>
    </ClCompile>
    <ClCompile Include="Source\Components\Button.cpp">
      <Filter>Source Files</Filter>
    </ClCompile>
    <ClCompile Include="Source\Components\QuitButton.cpp">
      <Filter>Source Files</Filter>
    </ClCompile>
    <ClCompile Include="Source\Scenes\MainMenu.cpp">
      <Filter>Source Files</Filter>
    </ClCompile>
    <ClCompile Include="Source\Components\TextObject.cpp">
      <Filter>Source Files</Filter>
    </ClCompile>
    <ClCompile Include="Source\Scenes\CharacterSelection.cpp">
      <Filter>Source Files</Filter>
    </ClCompile>
    <ClCompile Include="Source\Scenes\FightScreen.cpp">
      <Filter>Source Files</Filter>
    </ClCompile>
    <ClCompile Include="Source\Components\Character.cpp">
      <Filter>Source Files</Filter>
    </ClCompile>
    <ClCompile Include="Source\Components\BattleSystem.cpp">
      <Filter>Source Files</Filter>
    </ClCompile>
    <ClCompile Include="Source\Components\SpriteButton.cpp">
      <Filter>Source Files</Filter>
    </ClCompile>
  </ItemGroup>
  <ItemGroup>
    <ClInclude Include="Source\Components\Scene.hpp">
      <Filter>Header Files</Filter>
    </ClInclude>
    <ClInclude Include="Source\Components\GameObject.hpp">
      <Filter>Header Files</Filter>
    </ClInclude>
    <ClInclude Include="Source\Components\SpriteObject.hpp">
      <Filter>Header Files</Filter>
    </ClInclude>
    <ClInclude Include="Source\Components\SceneHandler.hpp">
      <Filter>Header Files</Filter>
    </ClInclude>
    <ClInclude Include="Source\Scenes\StartScreen.hpp">
      <Filter>Header Files</Filter>
    </ClInclude>
    <ClInclude Include="Source\Scenes\Scenes.hpp">
      <Filter>Header Files</Filter>
    </ClInclude>
    <ClInclude Include="Source\Components\Button.hpp">
      <Filter>Header Files</Filter>
    </ClInclude>
    <ClInclude Include="Source\Components\QuitButton.hpp">
      <Filter>Header Files</Filter>
    </ClInclude>
    <ClInclude Include="Source\Scenes\MainMenu.hpp">
      <Filter>Header Files</Filter>
    </ClInclude>
    <ClInclude Include="Source\Components\TextObject.hpp">
      <Filter>Header Files</Filter>
    </ClInclude>
    <ClInclude Include="Source\Scenes\CharacterSelection.hpp">
      <Filter>Header Files</Filter>
    </ClInclude>
    <ClInclude Include="Source\Scenes\FightScreen.hpp">
      <Filter>Header Files</Filter>
    </ClInclude>
    <ClInclude Include="Source\Components\Character.hpp">
      <Filter>Header Files</Filter>
    </ClInclude>
    <ClInclude Include="Source\Components\BattleSystem.hpp">
      <Filter>Header Files</Filter>
    </ClInclude>
    <ClInclude Include="Source\Components\SpriteButton.hpp">
      <Filter>Header Files</Filter>
    </ClInclude>
  </ItemGroup>
  <ItemGroup>
    <Image Include="Source\Assets\Backgrounds\Battleground1.png">
      <Filter>Resource Files</Filter>
    </Image>
    <Image Include="Source\Assets\Backgrounds\Battleground2.png">
      <Filter>Resource Files</Filter>
    </Image>
    <Image Include="Source\Assets\Backgrounds\Battleground3.png">
      <Filter>Resource Files</Filter>
    </Image>
    <Image Include="Source\Assets\Backgrounds\Battleground4.png">
      <Filter>Resource Files</Filter>
    </Image>
    <Image Include="Source\Assets\Characters\Opponents\Icons_04.png">
      <Filter>Resource Files</Filter>
    </Image>
    <Image Include="Source\Assets\Characters\Opponents\Icons_05.png">
      <Filter>Resource Files</Filter>
    </Image>
    <Image Include="Source\Assets\Characters\Opponents\Icons_06.png">
      <Filter>Resource Files</Filter>
    </Image>
    <Image Include="Source\Assets\Characters\Opponents\Icons_07.png">
      <Filter>Resource Files</Filter>
    </Image>
    <Image Include="Source\Assets\Characters\Opponents\Icons_08.png">
      <Filter>Resource Files</Filter>
    </Image>
    <Image Include="Source\Assets\Characters\Opponents\Icons_09.png">
      <Filter>Resource Files</Filter>
    </Image>
    <Image Include="Source\Assets\Characters\Opponents\Icons_10.png">
      <Filter>Resource Files</Filter>
    </Image>
    <Image Include="Source\Assets\Characters\Opponents\Icons_11.png">
      <Filter>Resource Files</Filter>
    </Image>
    <Image Include="Source\Assets\Characters\Opponents\Icons_12.png">
      <Filter>Resource Files</Filter>
    </Image>
    <Image Include="Source\Assets\Characters\Opponents\Icons_19.png">
      <Filter>Resource Files</Filter>
    </Image>
    <Image Include="Source\Assets\Characters\Opponents\Icons_20.png">
      <Filter>Resource Files</Filter>
    </Image>
    <Image Include="Source\Assets\Characters\Opponents\Icons_21.png">
      <Filter>Resource Files</Filter>
    </Image>
    <Image Include="Source\Assets\Characters\Opponents\Icons_22.png">
      <Filter>Resource Files</Filter>
    </Image>
    <Image Include="Source\Assets\Characters\Opponents\Icons_23.png">
      <Filter>Resource Files</Filter>
    </Image>
    <Image Include="Source\Assets\Characters\Opponents\Icons_24.png">
      <Filter>Resource Files</Filter>
    </Image>
    <Image Include="Source\Assets\Characters\Opponents\Icons_25.png">
      <Filter>Resource Files</Filter>
    </Image>
    <Image Include="Source\Assets\Characters\Opponents\Icons_26.png">
      <Filter>Resource Files</Filter>
    </Image>
    <Image Include="Source\Assets\Characters\Opponents\Icons_27.png">
      <Filter>Resource Files</Filter>
    </Image>
    <Image Include="Source\Assets\Characters\Opponents\Icons_28.png">
      <Filter>Resource Files</Filter>
    </Image>
    <Image Include="Source\Assets\Characters\Opponents\Icons_29.png">
      <Filter>Resource Files</Filter>
    </Image>
    <Image Include="Source\Assets\Characters\Opponents\Icons_30.png">
      <Filter>Resource Files</Filter>
    </Image>
    <Image Include="Source\Assets\Characters\Opponents\Icons_31.png">
      <Filter>Resource Files</Filter>
    </Image>
    <Image Include="Source\Assets\Characters\Opponents\Icons_32.png">
      <Filter>Resource Files</Filter>
    </Image>
    <Image Include="Source\Assets\Characters\Opponents\Icons_33.png">
      <Filter>Resource Files</Filter>
    </Image>
    <Image Include="Source\Assets\Characters\Opponents\Icons_34.png">
      <Filter>Resource Files</Filter>
    </Image>
    <Image Include="Source\Assets\Characters\Opponents\Icons_35.png">
      <Filter>Resource Files</Filter>
    </Image>
    <Image Include="Source\Assets\Characters\Opponents\Icons_36.png">
      <Filter>Resource Files</Filter>
    </Image>
    <Image Include="Source\Assets\Characters\Opponents\Icons_37.png">
      <Filter>Resource Files</Filter>
    </Image>
    <Image Include="Source\Assets\Characters\Opponents\Icons_38.png">
      <Filter>Resource Files</Filter>
    </Image>
    <Image Include="Source\Assets\Characters\Opponents\Icons_39.png">
      <Filter>Resource Files</Filter>
    </Image>
    <Image Include="Source\Assets\Characters\Opponents\Icons_40.png">
      <Filter>Resource Files</Filter>
    </Image>
    <Image Include="Source\Assets\Characters\Player\Icons_01.png">
      <Filter>Resource Files</Filter>
    </Image>
    <Image Include="Source\Assets\Characters\Player\Icons_02.png">
      <Filter>Resource Files</Filter>
    </Image>
    <Image Include="Source\Assets\Characters\Player\Icons_03.png">
      <Filter>Resource Files</Filter>
    </Image>
    <Image Include="Source\Assets\Characters\Player\Icons_13.png">
      <Filter>Resource Files</Filter>
    </Image>
    <Image Include="Source\Assets\Characters\Player\Icons_14.png">
      <Filter>Resource Files</Filter>
    </Image>
    <Image Include="Source\Assets\Characters\Player\Icons_15.png">
      <Filter>Resource Files</Filter>
    </Image>
    <Image Include="Source\Assets\Characters\Player\Icons_16.png">
      <Filter>Resource Files</Filter>
    </Image>
    <Image Include="Source\Assets\Characters\Player\Icons_17.png">
      <Filter>Resource Files</Filter>
    </Image>
    <Image Include="Source\Assets\Characters\Player\Icons_18.png">
      <Filter>Resource Files</Filter>
    </Image>
  </ItemGroup>
  <ItemGroup>
    <Font Include="Source\Assets\Fonts\Lato-Regular.ttf" />
  </ItemGroup>
  <ItemGroup>
    <Text Include="Source\Assets\SaveFiles\Characters\Player.txt" />
    <Text Include="Source\Assets\Characters\Opponents\OpponentIconPaths.txt" />
    <Text Include="Source\Assets\Characters\Player\PlayerIconPaths.txt" />
  </ItemGroup>
</Project>